// !$*UTF8*$!
{
	archiveVersion = 1;
	classes = {
	};
	objectVersion = 46;
	objects = {

/* Begin PBXBuildFile section */
		3A40E2D4154CE4FF00382880 /* MapKit.framework in Frameworks */ = {isa = PBXBuildFile; fileRef = 3A40E2D3154CE4FF00382880 /* MapKit.framework */; };
		3A847F27154CB709002D1744 /* CoreLocation.framework in Frameworks */ = {isa = PBXBuildFile; fileRef = 3A847F26154CB709002D1744 /* CoreLocation.framework */; };
		FE198730154CF0F70017CFBE /* SetAlarmTableViewController.m in Sources */ = {isa = PBXBuildFile; fileRef = FE19872F154CF0F70017CFBE /* SetAlarmTableViewController.m */; };
		FE1DB75B154C589700724E00 /* UIKit.framework in Frameworks */ = {isa = PBXBuildFile; fileRef = FE1DB75A154C589700724E00 /* UIKit.framework */; };
		FE1DB75D154C589700724E00 /* Foundation.framework in Frameworks */ = {isa = PBXBuildFile; fileRef = FE1DB75C154C589700724E00 /* Foundation.framework */; };
		FE1DB75F154C589700724E00 /* CoreGraphics.framework in Frameworks */ = {isa = PBXBuildFile; fileRef = FE1DB75E154C589700724E00 /* CoreGraphics.framework */; };
		FE1DB765154C589700724E00 /* InfoPlist.strings in Resources */ = {isa = PBXBuildFile; fileRef = FE1DB763154C589700724E00 /* InfoPlist.strings */; };
		FE1DB767154C589700724E00 /* main.m in Sources */ = {isa = PBXBuildFile; fileRef = FE1DB766154C589700724E00 /* main.m */; };
		FE1DB76B154C589800724E00 /* AppDelegate.m in Sources */ = {isa = PBXBuildFile; fileRef = FE1DB76A154C589800724E00 /* AppDelegate.m */; };
		FE1DB76E154C589800724E00 /* MainStoryboard.storyboard in Resources */ = {isa = PBXBuildFile; fileRef = FE1DB76C154C589800724E00 /* MainStoryboard.storyboard */; };
		FE1DB771154C589800724E00 /* ViewController.m in Sources */ = {isa = PBXBuildFile; fileRef = FE1DB770154C589800724E00 /* ViewController.m */; };
		FE1DB778154C67EE00724E00 /* 78-stopwatch.png in Resources */ = {isa = PBXBuildFile; fileRef = FE1DB777154C67EE00724E00 /* 78-stopwatch.png */; };
		FE1DB77A154C69DE00724E00 /* 20-gear2.png in Resources */ = {isa = PBXBuildFile; fileRef = FE1DB779154C69DE00724E00 /* 20-gear2.png */; };
/* End PBXBuildFile section */

/* Begin PBXFileReference section */
		3A40E2D3154CE4FF00382880 /* MapKit.framework */ = {isa = PBXFileReference; lastKnownFileType = wrapper.framework; name = MapKit.framework; path = System/Library/Frameworks/MapKit.framework; sourceTree = SDKROOT; };
		3A847F26154CB709002D1744 /* CoreLocation.framework */ = {isa = PBXFileReference; lastKnownFileType = wrapper.framework; name = CoreLocation.framework; path = System/Library/Frameworks/CoreLocation.framework; sourceTree = SDKROOT; };
		FE19872E154CF0F70017CFBE /* SetAlarmTableViewController.h */ = {isa = PBXFileReference; fileEncoding = 4; lastKnownFileType = sourcecode.c.h; path = SetAlarmTableViewController.h; sourceTree = "<group>"; };
		FE19872F154CF0F70017CFBE /* SetAlarmTableViewController.m */ = {isa = PBXFileReference; fileEncoding = 4; lastKnownFileType = sourcecode.c.objc; path = SetAlarmTableViewController.m; sourceTree = "<group>"; };
		FE1DB756154C589700724E00 /* GeoWake.app */ = {isa = PBXFileReference; explicitFileType = wrapper.application; includeInIndex = 0; path = GeoWake.app; sourceTree = BUILT_PRODUCTS_DIR; };
		FE1DB75A154C589700724E00 /* UIKit.framework */ = {isa = PBXFileReference; lastKnownFileType = wrapper.framework; name = UIKit.framework; path = System/Library/Frameworks/UIKit.framework; sourceTree = SDKROOT; };
		FE1DB75C154C589700724E00 /* Foundation.framework */ = {isa = PBXFileReference; lastKnownFileType = wrapper.framework; name = Foundation.framework; path = System/Library/Frameworks/Foundation.framework; sourceTree = SDKROOT; };
		FE1DB75E154C589700724E00 /* CoreGraphics.framework */ = {isa = PBXFileReference; lastKnownFileType = wrapper.framework; name = CoreGraphics.framework; path = System/Library/Frameworks/CoreGraphics.framework; sourceTree = SDKROOT; };
		FE1DB762154C589700724E00 /* GeoWake-Info.plist */ = {isa = PBXFileReference; lastKnownFileType = text.plist.xml; path = "GeoWake-Info.plist"; sourceTree = "<group>"; };
		FE1DB764154C589700724E00 /* en */ = {isa = PBXFileReference; lastKnownFileType = text.plist.strings; name = en; path = en.lproj/InfoPlist.strings; sourceTree = "<group>"; };
		FE1DB766154C589700724E00 /* main.m */ = {isa = PBXFileReference; lastKnownFileType = sourcecode.c.objc; path = main.m; sourceTree = "<group>"; };
		FE1DB768154C589700724E00 /* GeoWake-Prefix.pch */ = {isa = PBXFileReference; lastKnownFileType = sourcecode.c.h; path = "GeoWake-Prefix.pch"; sourceTree = "<group>"; };
		FE1DB769154C589800724E00 /* AppDelegate.h */ = {isa = PBXFileReference; lastKnownFileType = sourcecode.c.h; path = AppDelegate.h; sourceTree = "<group>"; };
		FE1DB76A154C589800724E00 /* AppDelegate.m */ = {isa = PBXFileReference; lastKnownFileType = sourcecode.c.objc; path = AppDelegate.m; sourceTree = "<group>"; };
		FE1DB76D154C589800724E00 /* en */ = {isa = PBXFileReference; lastKnownFileType = file.storyboard; name = en; path = en.lproj/MainStoryboard.storyboard; sourceTree = "<group>"; };
		FE1DB76F154C589800724E00 /* ViewController.h */ = {isa = PBXFileReference; lastKnownFileType = sourcecode.c.h; path = ViewController.h; sourceTree = "<group>"; };
		FE1DB770154C589800724E00 /* ViewController.m */ = {isa = PBXFileReference; lastKnownFileType = sourcecode.c.objc; path = ViewController.m; sourceTree = "<group>"; };
		FE1DB777154C67EE00724E00 /* 78-stopwatch.png */ = {isa = PBXFileReference; lastKnownFileType = image.png; path = "78-stopwatch.png"; sourceTree = "<group>"; };
		FE1DB779154C69DE00724E00 /* 20-gear2.png */ = {isa = PBXFileReference; lastKnownFileType = image.png; path = "20-gear2.png"; sourceTree = "<group>"; };
/* End PBXFileReference section */

/* Begin PBXFrameworksBuildPhase section */
		FE1DB753154C589700724E00 /* Frameworks */ = {
			isa = PBXFrameworksBuildPhase;
			buildActionMask = 2147483647;
			files = (
				3A40E2D4154CE4FF00382880 /* MapKit.framework in Frameworks */,
				3A847F27154CB709002D1744 /* CoreLocation.framework in Frameworks */,
				FE1DB75B154C589700724E00 /* UIKit.framework in Frameworks */,
				FE1DB75D154C589700724E00 /* Foundation.framework in Frameworks */,
				FE1DB75F154C589700724E00 /* CoreGraphics.framework in Frameworks */,
			);
			runOnlyForDeploymentPostprocessing = 0;
		};
/* End PBXFrameworksBuildPhase section */

/* Begin PBXGroup section */
		FE1DB74B154C589700724E00 = {
			isa = PBXGroup;
			children = (
				3A40E2D3154CE4FF00382880 /* MapKit.framework */,
				3A847F26154CB709002D1744 /* CoreLocation.framework */,
				FE1DB760154C589700724E00 /* GeoWake */,
				FE1DB759154C589700724E00 /* Frameworks */,
				FE1DB757154C589700724E00 /* Products */,
			);
			sourceTree = "<group>";
		};
		FE1DB757154C589700724E00 /* Products */ = {
			isa = PBXGroup;
			children = (
				FE1DB756154C589700724E00 /* GeoWake.app */,
			);
			name = Products;
			sourceTree = "<group>";
		};
		FE1DB759154C589700724E00 /* Frameworks */ = {
			isa = PBXGroup;
			children = (
				FE1DB75A154C589700724E00 /* UIKit.framework */,
				FE1DB75C154C589700724E00 /* Foundation.framework */,
				FE1DB75E154C589700724E00 /* CoreGraphics.framework */,
			);
			name = Frameworks;
			sourceTree = "<group>";
		};
		FE1DB760154C589700724E00 /* GeoWake */ = {
			isa = PBXGroup;
			children = (
				FE1DB76C154C589800724E00 /* MainStoryboard.storyboard */,
				FE19872E154CF0F70017CFBE /* SetAlarmTableViewController.h */,
				FE19872F154CF0F70017CFBE /* SetAlarmTableViewController.m */,
				FE1DB76F154C589800724E00 /* ViewController.h */,
				FE1DB770154C589800724E00 /* ViewController.m */,
				FE1DB769154C589800724E00 /* AppDelegate.h */,
				FE1DB76A154C589800724E00 /* AppDelegate.m */,
				FE1DB761154C589700724E00 /* Supporting Files */,
			);
			path = GeoWake;
			sourceTree = "<group>";
		};
		FE1DB761154C589700724E00 /* Supporting Files */ = {
			isa = PBXGroup;
			children = (
				FE1DB779154C69DE00724E00 /* 20-gear2.png */,
				FE1DB777154C67EE00724E00 /* 78-stopwatch.png */,
				FE1DB762154C589700724E00 /* GeoWake-Info.plist */,
				FE1DB763154C589700724E00 /* InfoPlist.strings */,
				FE1DB766154C589700724E00 /* main.m */,
				FE1DB768154C589700724E00 /* GeoWake-Prefix.pch */,
			);
			name = "Supporting Files";
			sourceTree = "<group>";
		};
/* End PBXGroup section */

/* Begin PBXNativeTarget section */
		FE1DB755154C589700724E00 /* GeoWake */ = {
			isa = PBXNativeTarget;
			buildConfigurationList = FE1DB774154C589800724E00 /* Build configuration list for PBXNativeTarget "GeoWake" */;
			buildPhases = (
				FE1DB752154C589700724E00 /* Sources */,
				FE1DB753154C589700724E00 /* Frameworks */,
				FE1DB754154C589700724E00 /* Resources */,
			);
			buildRules = (
			);
			dependencies = (
			);
			name = GeoWake;
			productName = GeoWake;
			productReference = FE1DB756154C589700724E00 /* GeoWake.app */;
			productType = "com.apple.product-type.application";
		};
/* End PBXNativeTarget section */

/* Begin PBXProject section */
		FE1DB74D154C589700724E00 /* Project object */ = {
			isa = PBXProject;
			attributes = {
				LastUpgradeCheck = 0430;
			};
			buildConfigurationList = FE1DB750154C589700724E00 /* Build configuration list for PBXProject "GeoWake" */;
			compatibilityVersion = "Xcode 3.2";
			developmentRegion = English;
			hasScannedForEncodings = 0;
			knownRegions = (
				en,
			);
			mainGroup = FE1DB74B154C589700724E00;
			productRefGroup = FE1DB757154C589700724E00 /* Products */;
			projectDirPath = "";
			projectRoot = "";
			targets = (
				FE1DB755154C589700724E00 /* GeoWake */,
			);
		};
/* End PBXProject section */

/* Begin PBXResourcesBuildPhase section */
		FE1DB754154C589700724E00 /* Resources */ = {
			isa = PBXResourcesBuildPhase;
			buildActionMask = 2147483647;
			files = (
				FE1DB765154C589700724E00 /* InfoPlist.strings in Resources */,
				FE1DB76E154C589800724E00 /* MainStoryboard.storyboard in Resources */,
				FE1DB778154C67EE00724E00 /* 78-stopwatch.png in Resources */,
				FE1DB77A154C69DE00724E00 /* 20-gear2.png in Resources */,
			);
			runOnlyForDeploymentPostprocessing = 0;
		};
/* End PBXResourcesBuildPhase section */

/* Begin PBXSourcesBuildPhase section */
		FE1DB752154C589700724E00 /* Sources */ = {
			isa = PBXSourcesBuildPhase;
			buildActionMask = 2147483647;
			files = (
				FE1DB767154C589700724E00 /* main.m in Sources */,
				FE1DB76B154C589800724E00 /* AppDelegate.m in Sources */,
				FE1DB771154C589800724E00 /* ViewController.m in Sources */,
				FE198730154CF0F70017CFBE /* SetAlarmTableViewController.m in Sources */,
			);
			runOnlyForDeploymentPostprocessing = 0;
		};
/* End PBXSourcesBuildPhase section */

/* Begin PBXVariantGroup section */
		FE1DB763154C589700724E00 /* InfoPlist.strings */ = {
			isa = PBXVariantGroup;
			children = (
				FE1DB764154C589700724E00 /* en */,
			);
			name = InfoPlist.strings;
			sourceTree = "<group>";
		};
		FE1DB76C154C589800724E00 /* MainStoryboard.storyboard */ = {
			isa = PBXVariantGroup;
			children = (
				FE1DB76D154C589800724E00 /* en */,
			);
			name = MainStoryboard.storyboard;
			sourceTree = "<group>";
		};
/* End PBXVariantGroup section */

/* Begin XCBuildConfiguration section */
		FE1DB772154C589800724E00 /* Debug */ = {
			isa = XCBuildConfiguration;
			buildSettings = {
				ALWAYS_SEARCH_USER_PATHS = NO;
				ARCHS = "$(ARCHS_STANDARD_32_BIT)";
				CLANG_ENABLE_OBJC_ARC = YES;
				"CODE_SIGN_IDENTITY[sdk=iphoneos*]" = "iPhone Developer";
				COPY_PHASE_STRIP = NO;
				GCC_C_LANGUAGE_STANDARD = gnu99;
				GCC_DYNAMIC_NO_PIC = NO;
				GCC_OPTIMIZATION_LEVEL = 0;
				GCC_PREPROCESSOR_DEFINITIONS = (
					"DEBUG=1",
					"$(inherited)",
				);
				GCC_SYMBOLS_PRIVATE_EXTERN = NO;
				GCC_VERSION = com.apple.compilers.llvm.clang.1_0;
				GCC_WARN_ABOUT_RETURN_TYPE = YES;
				GCC_WARN_UNINITIALIZED_AUTOS = YES;
				GCC_WARN_UNUSED_VARIABLE = YES;
				IPHONEOS_DEPLOYMENT_TARGET = 5.0;
				SDKROOT = iphoneos;
			};
			name = Debug;
		};
		FE1DB773154C589800724E00 /* Release */ = {
			isa = XCBuildConfiguration;
			buildSettings = {
				ALWAYS_SEARCH_USER_PATHS = NO;
				ARCHS = "$(ARCHS_STANDARD_32_BIT)";
				CLANG_ENABLE_OBJC_ARC = YES;
				"CODE_SIGN_IDENTITY[sdk=iphoneos*]" = "iPhone Developer";
				COPY_PHASE_STRIP = YES;
				GCC_C_LANGUAGE_STANDARD = gnu99;
				GCC_VERSION = com.apple.compilers.llvm.clang.1_0;
				GCC_WARN_ABOUT_RETURN_TYPE = YES;
				GCC_WARN_UNINITIALIZED_AUTOS = YES;
				GCC_WARN_UNUSED_VARIABLE = YES;
				IPHONEOS_DEPLOYMENT_TARGET = 5.0;
				OTHER_CFLAGS = "-DNS_BLOCK_ASSERTIONS=1";
				SDKROOT = iphoneos;
				VALIDATE_PRODUCT = YES;
			};
			name = Release;
		};
		FE1DB775154C589800724E00 /* Debug */ = {
			isa = XCBuildConfiguration;
			buildSettings = {
				GCC_PRECOMPILE_PREFIX_HEADER = YES;
				GCC_PREFIX_HEADER = "GeoWake/GeoWake-Prefix.pch";
				INFOPLIST_FILE = "GeoWake/GeoWake-Info.plist";
				PRODUCT_NAME = "$(TARGET_NAME)";
				WRAPPER_EXTENSION = app;
			};
			name = Debug;
		};
		FE1DB776154C589800724E00 /* Release */ = {
			isa = XCBuildConfiguration;
			buildSettings = {
				GCC_PRECOMPILE_PREFIX_HEADER = YES;
				GCC_PREFIX_HEADER = "GeoWake/GeoWake-Prefix.pch";
				INFOPLIST_FILE = "GeoWake/GeoWake-Info.plist";
				PRODUCT_NAME = "$(TARGET_NAME)";
				WRAPPER_EXTENSION = app;
			};
			name = Release;
		};
/* End XCBuildConfiguration section */

/* Begin XCConfigurationList section */
		FE1DB750154C589700724E00 /* Build configuration list for PBXProject "GeoWake" */ = {
			isa = XCConfigurationList;
			buildConfigurations = (
				FE1DB772154C589800724E00 /* Debug */,
				FE1DB773154C589800724E00 /* Release */,
			);
			defaultConfigurationIsVisible = 0;
			defaultConfigurationName = Release;
		};
		FE1DB774154C589800724E00 /* Build configuration list for PBXNativeTarget "GeoWake" */ = {
			isa = XCConfigurationList;
			buildConfigurations = (
				FE1DB775154C589800724E00 /* Debug */,
				FE1DB776154C589800724E00 /* Release */,
			);
			defaultConfigurationIsVisible = 0;
			defaultConfigurationName = Release;
		};
/* End XCConfigurationList section */
	};
	rootObject = FE1DB74D154C589700724E00 /* Project object */;
}
